
Microsoft Visual Studio Solution File, Format Version 12.00
# Visual Studio Version 17
VisualStudioVersion = 17.0.32112.339
MinimumVisualStudioVersion = 10.0.40219.1
Project("{8BC9CEB8-8B4A-11D0-8D11-00A0C91BC942}") = "CalculateMinimumPrintingTime", "CalculateMinimumPrintingTime\CalculateMinimumPrintingTime.vcxproj", "{BDE04CB5-ECFA-4D86-876A-DE800410E727}"
EndProject
Project("{8BC9CEB8-8B4A-11D0-8D11-00A0C91BC942}") = "Test_calcMinPrintingTime", "Test_calcMinPrintingTime\Test_calcMinPrintingTime.vcxproj", "{57AC9B69-93A6-424C-B931-B400E5779E3C}"
EndProject
Project("{8BC9CEB8-8B4A-11D0-8D11-00A0C91BC942}") = "Test_readInputFile", "Test_readInputFile\Test_readInputFile.vcxproj", "{E4C24AAC-8249-4E78-87B4-F61AB7C0E679}"
EndProject
Project("{8BC9CEB8-8B4A-11D0-8D11-00A0C91BC942}") = "Test_validateInputData", "Test_validateInputData\Test_validateInputData.vcxproj", "{D649E85F-616E-4191-B832-7B92B6AF0DC1}"
EndProject
Project("{8BC9CEB8-8B4A-11D0-8D11-00A0C91BC942}") = "Test_countValuesInLine", "Test_countValuesInLine\Test_countValuesInLine.vcxproj", "{783758FB-535C-4B58-ADB5-2A83EF3AE312}"
EndProject
Project("{8BC9CEB8-8B4A-11D0-8D11-00A0C91BC942}") = "Test_isInRange", "Test_isInRange\Test_isInRange.vcxproj", "{F70F76D8-CA88-4D2B-B63C-73FFAAD85610}"
EndProject
Global
	GlobalSection(SolutionConfigurationPlatforms) = preSolution
		Debug|x64 = Debug|x64
		Debug|x86 = Debug|x86
		Release|x64 = Release|x64
		Release|x86 = Release|x86
	EndGlobalSection
	GlobalSection(ProjectConfigurationPlatforms) = postSolution
		{BDE04CB5-ECFA-4D86-876A-DE800410E727}.Debug|x64.ActiveCfg = Debug|x64
		{BDE04CB5-ECFA-4D86-876A-DE800410E727}.Debug|x64.Build.0 = Debug|x64
		{BDE04CB5-ECFA-4D86-876A-DE800410E727}.Debug|x86.ActiveCfg = Debug|Win32
		{BDE04CB5-ECFA-4D86-876A-DE800410E727}.Debug|x86.Build.0 = Debug|Win32
		{BDE04CB5-ECFA-4D86-876A-DE800410E727}.Release|x64.ActiveCfg = Release|x64
		{BDE04CB5-ECFA-4D86-876A-DE800410E727}.Release|x64.Build.0 = Release|x64
		{BDE04CB5-ECFA-4D86-876A-DE800410E727}.Release|x86.ActiveCfg = Release|Win32
		{BDE04CB5-ECFA-4D86-876A-DE800410E727}.Release|x86.Build.0 = Release|Win32
		{57AC9B69-93A6-424C-B931-B400E5779E3C}.Debug|x64.ActiveCfg = Debug|x64
		{57AC9B69-93A6-424C-B931-B400E5779E3C}.Debug|x64.Build.0 = Debug|x64
		{57AC9B69-93A6-424C-B931-B400E5779E3C}.Debug|x86.ActiveCfg = Debug|Win32
		{57AC9B69-93A6-424C-B931-B400E5779E3C}.Debug|x86.Build.0 = Debug|Win32
		{57AC9B69-93A6-424C-B931-B400E5779E3C}.Release|x64.ActiveCfg = Release|x64
		{57AC9B69-93A6-424C-B931-B400E5779E3C}.Release|x64.Build.0 = Release|x64
		{57AC9B69-93A6-424C-B931-B400E5779E3C}.Release|x86.ActiveCfg = Release|Win32
		{57AC9B69-93A6-424C-B931-B400E5779E3C}.Release|x86.Build.0 = Release|Win32
		{E4C24AAC-8249-4E78-87B4-F61AB7C0E679}.Debug|x64.ActiveCfg = Debug|x64
		{E4C24AAC-8249-4E78-87B4-F61AB7C0E679}.Debug|x64.Build.0 = Debug|x64
		{E4C24AAC-8249-4E78-87B4-F61AB7C0E679}.Debug|x86.ActiveCfg = Debug|Win32
		{E4C24AAC-8249-4E78-87B4-F61AB7C0E679}.Debug|x86.Build.0 = Debug|Win32
		{E4C24AAC-8249-4E78-87B4-F61AB7C0E679}.Release|x64.ActiveCfg = Release|x64
		{E4C24AAC-8249-4E78-87B4-F61AB7C0E679}.Release|x64.Build.0 = Release|x64
		{E4C24AAC-8249-4E78-87B4-F61AB7C0E679}.Release|x86.ActiveCfg = Release|Win32
		{E4C24AAC-8249-4E78-87B4-F61AB7C0E679}.Release|x86.Build.0 = Release|Win32
		{D649E85F-616E-4191-B832-7B92B6AF0DC1}.Debug|x64.ActiveCfg = Debug|x64
		{D649E85F-616E-4191-B832-7B92B6AF0DC1}.Debug|x64.Build.0 = Debug|x64
		{D649E85F-616E-4191-B832-7B92B6AF0DC1}.Debug|x86.ActiveCfg = Debug|Win32
		{D649E85F-616E-4191-B832-7B92B6AF0DC1}.Debug|x86.Build.0 = Debug|Win32
		{D649E85F-616E-4191-B832-7B92B6AF0DC1}.Release|x64.ActiveCfg = Release|x64
		{D649E85F-616E-4191-B832-7B92B6AF0DC1}.Release|x64.Build.0 = Release|x64
		{D649E85F-616E-4191-B832-7B92B6AF0DC1}.Release|x86.ActiveCfg = Release|Win32
		{D649E85F-616E-4191-B832-7B92B6AF0DC1}.Release|x86.Build.0 = Release|Win32
		{783758FB-535C-4B58-ADB5-2A83EF3AE312}.Debug|x64.ActiveCfg = Debug|x64
		{783758FB-535C-4B58-ADB5-2A83EF3AE312}.Debug|x64.Build.0 = Debug|x64
		{783758FB-535C-4B58-ADB5-2A83EF3AE312}.Debug|x86.ActiveCfg = Debug|Win32
		{783758FB-535C-4B58-ADB5-2A83EF3AE312}.Debug|x86.Build.0 = Debug|Win32
		{783758FB-535C-4B58-ADB5-2A83EF3AE312}.Release|x64.ActiveCfg = Release|x64
		{783758FB-535C-4B58-ADB5-2A83EF3AE312}.Release|x64.Build.0 = Release|x64
		{783758FB-535C-4B58-ADB5-2A83EF3AE312}.Release|x86.ActiveCfg = Release|Win32
		{783758FB-535C-4B58-ADB5-2A83EF3AE312}.Release|x86.Build.0 = Release|Win32
		{F70F76D8-CA88-4D2B-B63C-73FFAAD85610}.Debug|x64.ActiveCfg = Debug|x64
		{F70F76D8-CA88-4D2B-B63C-73FFAAD85610}.Debug|x64.Build.0 = Debug|x64
		{F70F76D8-CA88-4D2B-B63C-73FFAAD85610}.Debug|x86.ActiveCfg = Debug|Win32
		{F70F76D8-CA88-4D2B-B63C-73FFAAD85610}.Debug|x86.Build.0 = Debug|Win32
		{F70F76D8-CA88-4D2B-B63C-73FFAAD85610}.Release|x64.ActiveCfg = Release|x64
		{F70F76D8-CA88-4D2B-B63C-73FFAAD85610}.Release|x64.Build.0 = Release|x64
		{F70F76D8-CA88-4D2B-B63C-73FFAAD85610}.Release|x86.ActiveCfg = Release|Win32
		{F70F76D8-CA88-4D2B-B63C-73FFAAD85610}.Release|x86.Build.0 = Release|Win32
	EndGlobalSection
	GlobalSection(SolutionProperties) = preSolution
		HideSolutionNode = FALSE
	EndGlobalSection
	GlobalSection(ExtensibilityGlobals) = postSolution
		SolutionGuid = {D89F8F79-227A-402B-BE57-E729B8EA428A}
	EndGlobalSection
EndGlobal
